{
  "name": "calcite-angular",
  "version": "0.0.1",
  "lockfileVersion": 1,
  "requires": true,
  "dependencies": {
    "calcite-web": {
      "version": "git+https://git@github.com/Esri/calcite-web.git#d10859b5267688ae609b8391fa959b2680f7aefb",
      "from": "git+https://git@github.com/Esri/calcite-web.git#v1.0.2"
    }
  }
}
